
Microsoft Visual Studio Solution File, Format Version 12.00
# Visual Studio Version 16
VisualStudioVersion = 16.0.29806.167
MinimumVisualStudioVersion = 10.0.40219.1
Project("{8BC9CEB8-8B4A-11D0-8D11-00A0C91BC942}") = "Pobeg_lab_4", "Pobeg_lab_4\Pobeg_lab_4.vcxproj", "{45E877A6-02CA-45FD-BADE-63C1453B242D}"
EndProject
Project("{8BC9CEB8-8B4A-11D0-8D11-00A0C91BC942}") = "Sender", "..\Sender\Sender\Sender.vcxproj", "{47988391-0B19-45BD-81AB-1A07B27AAE47}"
EndProject
Global
	GlobalSection(SolutionConfigurationPlatforms) = preSolution
		Debug|x64 = Debug|x64
		Debug|x86 = Debug|x86
		Release|x64 = Release|x64
		Release|x86 = Release|x86
	EndGlobalSection
	GlobalSection(ProjectConfigurationPlatforms) = postSolution
		{45E877A6-02CA-45FD-BADE-63C1453B242D}.Debug|x64.ActiveCfg = Debug|x64
		{45E877A6-02CA-45FD-BADE-63C1453B242D}.Debug|x64.Build.0 = Debug|x64
		{45E877A6-02CA-45FD-BADE-63C1453B242D}.Debug|x86.ActiveCfg = Debug|Win32
		{45E877A6-02CA-45FD-BADE-63C1453B242D}.Debug|x86.Build.0 = Debug|Win32
		{45E877A6-02CA-45FD-BADE-63C1453B242D}.Release|x64.ActiveCfg = Release|x64
		{45E877A6-02CA-45FD-BADE-63C1453B242D}.Release|x64.Build.0 = Release|x64
		{45E877A6-02CA-45FD-BADE-63C1453B242D}.Release|x86.ActiveCfg = Release|Win32
		{45E877A6-02CA-45FD-BADE-63C1453B242D}.Release|x86.Build.0 = Release|Win32
		{47988391-0B19-45BD-81AB-1A07B27AAE47}.Debug|x64.ActiveCfg = Debug|x64
		{47988391-0B19-45BD-81AB-1A07B27AAE47}.Debug|x64.Build.0 = Debug|x64
		{47988391-0B19-45BD-81AB-1A07B27AAE47}.Debug|x86.ActiveCfg = Debug|Win32
		{47988391-0B19-45BD-81AB-1A07B27AAE47}.Debug|x86.Build.0 = Debug|Win32
		{47988391-0B19-45BD-81AB-1A07B27AAE47}.Release|x64.ActiveCfg = Release|x64
		{47988391-0B19-45BD-81AB-1A07B27AAE47}.Release|x64.Build.0 = Release|x64
		{47988391-0B19-45BD-81AB-1A07B27AAE47}.Release|x86.ActiveCfg = Release|Win32
		{47988391-0B19-45BD-81AB-1A07B27AAE47}.Release|x86.Build.0 = Release|Win32
	EndGlobalSection
	GlobalSection(SolutionProperties) = preSolution
		HideSolutionNode = FALSE
	EndGlobalSection
	GlobalSection(ExtensibilityGlobals) = postSolution
		SolutionGuid = {79E11FA3-2808-42FC-A1DC-D3875EF515BC}
	EndGlobalSection
EndGlobal
